
Microsoft Visual Studio Solution File, Format Version 12.00
# Visual Studio 15
VisualStudioVersion = 15.0.28307.1231
MinimumVisualStudioVersion = 10.0.40219.1
Project("{FAE04EC0-301F-11D3-BF4B-00C04F79EFBC}") = "7.12.4", "7.12.4\7.12.4.csproj", "{30659FD9-B528-4947-8BF2-608FFA9940CC}"
EndProject
Global
	GlobalSection(SolutionConfigurationPlatforms) = preSolution
		Debug|Any CPU = Debug|Any CPU
		LIVE|Any CPU = LIVE|Any CPU
		Release|Any CPU = Release|Any CPU
		UAT|Any CPU = UAT|Any CPU
	EndGlobalSection
	GlobalSection(ProjectConfigurationPlatforms) = postSolution
		{30659FD9-B528-4947-8BF2-608FFA9940CC}.Debug|Any CPU.ActiveCfg = Debug|Any CPU
		{30659FD9-B528-4947-8BF2-608FFA9940CC}.Debug|Any CPU.Build.0 = Debug|Any CPU
		{30659FD9-B528-4947-8BF2-608FFA9940CC}.LIVE|Any CPU.ActiveCfg = LIVE|Any CPU
		{30659FD9-B528-4947-8BF2-608FFA9940CC}.LIVE|Any CPU.Build.0 = LIVE|Any CPU
		{30659FD9-B528-4947-8BF2-608FFA9940CC}.Release|Any CPU.ActiveCfg = Release|Any CPU
		{30659FD9-B528-4947-8BF2-608FFA9940CC}.Release|Any CPU.Build.0 = Release|Any CPU
		{30659FD9-B528-4947-8BF2-608FFA9940CC}.UAT|Any CPU.ActiveCfg = UAT|Any CPU
		{30659FD9-B528-4947-8BF2-608FFA9940CC}.UAT|Any CPU.Build.0 = UAT|Any CPU
	EndGlobalSection
	GlobalSection(SolutionProperties) = preSolution
		HideSolutionNode = FALSE
	EndGlobalSection
	GlobalSection(ExtensibilityGlobals) = postSolution
		SolutionGuid = {9B3EAF8E-53B4-4654-8214-36E4F3854D30}
	EndGlobalSection
EndGlobal
